
Microsoft Visual Studio Solution File, Format Version 12.00
# Visual Studio Version 17
VisualStudioVersion = 17.7.34221.43
MinimumVisualStudioVersion = 10.0.40219.1
Project("{FAE04EC0-301F-11D3-BF4B-00C04F79EFBC}") = "VRMS-3Layers", "VRMS-3Layers.csproj", "{C7EB153B-DC4E-41F4-808E-EE1B3A7C6306}"
EndProject
Global
	GlobalSection(SolutionConfigurationPlatforms) = preSolution
		Debug|Any CPU = Debug|Any CPU
		Release|Any CPU = Release|Any CPU
	EndGlobalSection
	GlobalSection(ProjectConfigurationPlatforms) = postSolution
		{C7EB153B-DC4E-41F4-808E-EE1B3A7C6306}.Debug|Any CPU.ActiveCfg = Debug|Any CPU
		{C7EB153B-DC4E-41F4-808E-EE1B3A7C6306}.Debug|Any CPU.Build.0 = Debug|Any CPU
		{C7EB153B-DC4E-41F4-808E-EE1B3A7C6306}.Release|Any CPU.ActiveCfg = Release|Any CPU
		{C7EB153B-DC4E-41F4-808E-EE1B3A7C6306}.Release|Any CPU.Build.0 = Release|Any CPU
	EndGlobalSection
	GlobalSection(SolutionProperties) = preSolution
		HideSolutionNode = FALSE
	EndGlobalSection
	GlobalSection(ExtensibilityGlobals) = postSolution
		SolutionGuid = {3D5A0B0E-E71D-48D1-A0F9-1222DA08D40B}
	EndGlobalSection
EndGlobal
